// !$*UTF8*$!
{
	archiveVersion = 1;
	classes = {
	};
	objectVersion = 46;
	objects = {

/* Begin PBXBuildFile section */
		44431AD31E97416000CCDD25 /* Action_Man.ttf in Resources */ = {isa = PBXBuildFile; fileRef = 44431AD21E97416000CCDD25 /* Action_Man.ttf */; };
		44431AD51E9741A300CCDD25 /* Fonts.swift in Sources */ = {isa = PBXBuildFile; fileRef = 44431AD41E9741A300CCDD25 /* Fonts.swift */; };
		44431AD71E97453800CCDD25 /* Style.swift in Sources */ = {isa = PBXBuildFile; fileRef = 44431AD61E97453800CCDD25 /* Style.swift */; };
		44BF320F1E961F5C00AA4F2B /* AppDelegate.swift in Sources */ = {isa = PBXBuildFile; fileRef = 44BF320E1E961F5C00AA4F2B /* AppDelegate.swift */; };
		44BF32111E961F5C00AA4F2B /* MainViewController.swift in Sources */ = {isa = PBXBuildFile; fileRef = 44BF32101E961F5C00AA4F2B /* MainViewController.swift */; };
		44BF32141E961F5C00AA4F2B /* Main.storyboard in Resources */ = {isa = PBXBuildFile; fileRef = 44BF32121E961F5C00AA4F2B /* Main.storyboard */; };
		44BF32161E961F5C00AA4F2B /* Assets.xcassets in Resources */ = {isa = PBXBuildFile; fileRef = 44BF32151E961F5C00AA4F2B /* Assets.xcassets */; };
		44BF32191E961F5C00AA4F2B /* LaunchScreen.storyboard in Resources */ = {isa = PBXBuildFile; fileRef = 44BF32171E961F5C00AA4F2B /* LaunchScreen.storyboard */; };
		44BF32211E96219200AA4F2B /* HostViewController.swift in Sources */ = {isa = PBXBuildFile; fileRef = 44BF32201E96219200AA4F2B /* HostViewController.swift */; };
		44BF32231E96219D00AA4F2B /* JoinViewController.swift in Sources */ = {isa = PBXBuildFile; fileRef = 44BF32221E96219D00AA4F2B /* JoinViewController.swift */; };
		44BF322A1E96282B00AA4F2B /* GameKit.framework in Frameworks */ = {isa = PBXBuildFile; fileRef = 44BF32291E96282B00AA4F2B /* GameKit.framework */; };
		44BF322E1E965F6100AA4F2B /* MatchingHandler.swift in Sources */ = {isa = PBXBuildFile; fileRef = 44BF322D1E965F6100AA4F2B /* MatchingHandler.swift */; };
		44BF32321E96736300AA4F2B /* MatchingClient.swift in Sources */ = {isa = PBXBuildFile; fileRef = 44BF32311E96736300AA4F2B /* MatchingClient.swift */; };
		44BF32341E96736D00AA4F2B /* MatchingServer.swift in Sources */ = {isa = PBXBuildFile; fileRef = 44BF32331E96736D00AA4F2B /* MatchingServer.swift */; };
		44BF32361E968B1100AA4F2B /* PlayViewController.swift in Sources */ = {isa = PBXBuildFile; fileRef = 44BF32351E968B1100AA4F2B /* PlayViewController.swift */; };
		44BF32381E9691C600AA4F2B /* MatchingMessage.swift in Sources */ = {isa = PBXBuildFile; fileRef = 44BF32371E9691C600AA4F2B /* MatchingMessage.swift */; };
		44BF323A1E96A14000AA4F2B /* Card.swift in Sources */ = {isa = PBXBuildFile; fileRef = 44BF32391E96A14000AA4F2B /* Card.swift */; };
		44BF323C1E96A15000AA4F2B /* Deck.swift in Sources */ = {isa = PBXBuildFile; fileRef = 44BF323B1E96A15000AA4F2B /* Deck.swift */; };
		44BF323E1E96A74700AA4F2B /* CardImageView.swift in Sources */ = {isa = PBXBuildFile; fileRef = 44BF323D1E96A74700AA4F2B /* CardImageView.swift */; };
/* End PBXBuildFile section */

/* Begin PBXFileReference section */
		44431AD21E97416000CCDD25 /* Action_Man.ttf */ = {isa = PBXFileReference; lastKnownFileType = file; path = Action_Man.ttf; sourceTree = "<group>"; };
		44431AD41E9741A300CCDD25 /* Fonts.swift */ = {isa = PBXFileReference; fileEncoding = 4; lastKnownFileType = sourcecode.swift; path = Fonts.swift; sourceTree = "<group>"; };
		44431AD61E97453800CCDD25 /* Style.swift */ = {isa = PBXFileReference; fileEncoding = 4; lastKnownFileType = sourcecode.swift; path = Style.swift; sourceTree = "<group>"; };
		44BF320B1E961F5C00AA4F2B /* DrinkIt.app */ = {isa = PBXFileReference; explicitFileType = wrapper.application; includeInIndex = 0; path = DrinkIt.app; sourceTree = BUILT_PRODUCTS_DIR; };
		44BF320E1E961F5C00AA4F2B /* AppDelegate.swift */ = {isa = PBXFileReference; lastKnownFileType = sourcecode.swift; path = AppDelegate.swift; sourceTree = "<group>"; };
		44BF32101E961F5C00AA4F2B /* MainViewController.swift */ = {isa = PBXFileReference; lastKnownFileType = sourcecode.swift; path = MainViewController.swift; sourceTree = "<group>"; };
		44BF32131E961F5C00AA4F2B /* Base */ = {isa = PBXFileReference; lastKnownFileType = file.storyboard; name = Base; path = Base.lproj/Main.storyboard; sourceTree = "<group>"; };
		44BF32151E961F5C00AA4F2B /* Assets.xcassets */ = {isa = PBXFileReference; lastKnownFileType = folder.assetcatalog; path = Assets.xcassets; sourceTree = "<group>"; };
		44BF32181E961F5C00AA4F2B /* Base */ = {isa = PBXFileReference; lastKnownFileType = file.storyboard; name = Base; path = Base.lproj/LaunchScreen.storyboard; sourceTree = "<group>"; };
		44BF321A1E961F5C00AA4F2B /* Info.plist */ = {isa = PBXFileReference; lastKnownFileType = text.plist.xml; path = Info.plist; sourceTree = "<group>"; };
		44BF32201E96219200AA4F2B /* HostViewController.swift */ = {isa = PBXFileReference; fileEncoding = 4; lastKnownFileType = sourcecode.swift; path = HostViewController.swift; sourceTree = "<group>"; };
		44BF32221E96219D00AA4F2B /* JoinViewController.swift */ = {isa = PBXFileReference; fileEncoding = 4; lastKnownFileType = sourcecode.swift; path = JoinViewController.swift; sourceTree = "<group>"; };
		44BF32291E96282B00AA4F2B /* GameKit.framework */ = {isa = PBXFileReference; lastKnownFileType = wrapper.framework; name = GameKit.framework; path = System/Library/Frameworks/GameKit.framework; sourceTree = SDKROOT; };
		44BF322D1E965F6100AA4F2B /* MatchingHandler.swift */ = {isa = PBXFileReference; fileEncoding = 4; lastKnownFileType = sourcecode.swift; path = MatchingHandler.swift; sourceTree = "<group>"; };
		44BF32311E96736300AA4F2B /* MatchingClient.swift */ = {isa = PBXFileReference; fileEncoding = 4; lastKnownFileType = sourcecode.swift; path = MatchingClient.swift; sourceTree = "<group>"; };
		44BF32331E96736D00AA4F2B /* MatchingServer.swift */ = {isa = PBXFileReference; fileEncoding = 4; lastKnownFileType = sourcecode.swift; path = MatchingServer.swift; sourceTree = "<group>"; };
		44BF32351E968B1100AA4F2B /* PlayViewController.swift */ = {isa = PBXFileReference; fileEncoding = 4; lastKnownFileType = sourcecode.swift; path = PlayViewController.swift; sourceTree = "<group>"; };
		44BF32371E9691C600AA4F2B /* MatchingMessage.swift */ = {isa = PBXFileReference; fileEncoding = 4; lastKnownFileType = sourcecode.swift; path = MatchingMessage.swift; sourceTree = "<group>"; };
		44BF32391E96A14000AA4F2B /* Card.swift */ = {isa = PBXFileReference; fileEncoding = 4; lastKnownFileType = sourcecode.swift; path = Card.swift; sourceTree = "<group>"; };
		44BF323B1E96A15000AA4F2B /* Deck.swift */ = {isa = PBXFileReference; fileEncoding = 4; lastKnownFileType = sourcecode.swift; path = Deck.swift; sourceTree = "<group>"; };
		44BF323D1E96A74700AA4F2B /* CardImageView.swift */ = {isa = PBXFileReference; fileEncoding = 4; lastKnownFileType = sourcecode.swift; path = CardImageView.swift; sourceTree = "<group>"; };
/* End PBXFileReference section */

/* Begin PBXFrameworksBuildPhase section */
		44BF32081E961F5C00AA4F2B /* Frameworks */ = {
			isa = PBXFrameworksBuildPhase;
			buildActionMask = 2147483647;
			files = (
				44BF322A1E96282B00AA4F2B /* GameKit.framework in Frameworks */,
			);
			runOnlyForDeploymentPostprocessing = 0;
		};
/* End PBXFrameworksBuildPhase section */

/* Begin PBXGroup section */
		44BF32021E961F5C00AA4F2B = {
			isa = PBXGroup;
			children = (
				44BF320D1E961F5C00AA4F2B /* DrinkIt */,
				44BF320C1E961F5C00AA4F2B /* Products */,
				44BF32281E96282B00AA4F2B /* Frameworks */,
			);
			sourceTree = "<group>";
		};
		44BF320C1E961F5C00AA4F2B /* Products */ = {
			isa = PBXGroup;
			children = (
				44BF320B1E961F5C00AA4F2B /* DrinkIt.app */,
			);
			name = Products;
			sourceTree = "<group>";
		};
		44BF320D1E961F5C00AA4F2B /* DrinkIt */ = {
			isa = PBXGroup;
			children = (
				44431AD21E97416000CCDD25 /* Action_Man.ttf */,
				44BF320E1E961F5C00AA4F2B /* AppDelegate.swift */,
				44BF32101E961F5C00AA4F2B /* MainViewController.swift */,
				44BF32201E96219200AA4F2B /* HostViewController.swift */,
				44BF32221E96219D00AA4F2B /* JoinViewController.swift */,
				44BF32351E968B1100AA4F2B /* PlayViewController.swift */,
				44BF32121E961F5C00AA4F2B /* Main.storyboard */,
				44BF322D1E965F6100AA4F2B /* MatchingHandler.swift */,
				44BF32311E96736300AA4F2B /* MatchingClient.swift */,
				44BF32331E96736D00AA4F2B /* MatchingServer.swift */,
				44BF32371E9691C600AA4F2B /* MatchingMessage.swift */,
				44BF323D1E96A74700AA4F2B /* CardImageView.swift */,
				44BF32151E961F5C00AA4F2B /* Assets.xcassets */,
				44BF32171E961F5C00AA4F2B /* LaunchScreen.storyboard */,
				44BF321A1E961F5C00AA4F2B /* Info.plist */,
				44BF32391E96A14000AA4F2B /* Card.swift */,
				44BF323B1E96A15000AA4F2B /* Deck.swift */,
				44431AD41E9741A300CCDD25 /* Fonts.swift */,
				44431AD61E97453800CCDD25 /* Style.swift */,
			);
			path = DrinkIt;
			sourceTree = "<group>";
		};
		44BF32281E96282B00AA4F2B /* Frameworks */ = {
			isa = PBXGroup;
			children = (
				44BF32291E96282B00AA4F2B /* GameKit.framework */,
			);
			name = Frameworks;
			sourceTree = "<group>";
		};
/* End PBXGroup section */

/* Begin PBXNativeTarget section */
		44BF320A1E961F5C00AA4F2B /* DrinkIt */ = {
			isa = PBXNativeTarget;
			buildConfigurationList = 44BF321D1E961F5C00AA4F2B /* Build configuration list for PBXNativeTarget "DrinkIt" */;
			buildPhases = (
				44BF32071E961F5C00AA4F2B /* Sources */,
				44BF32081E961F5C00AA4F2B /* Frameworks */,
				44BF32091E961F5C00AA4F2B /* Resources */,
			);
			buildRules = (
			);
			dependencies = (
			);
			name = DrinkIt;
			productName = DrinkIt;
			productReference = 44BF320B1E961F5C00AA4F2B /* DrinkIt.app */;
			productType = "com.apple.product-type.application";
		};
/* End PBXNativeTarget section */

/* Begin PBXProject section */
		44BF32031E961F5C00AA4F2B /* Project object */ = {
			isa = PBXProject;
			attributes = {
				LastSwiftUpdateCheck = 0820;
				LastUpgradeCheck = 0820;
				ORGANIZATIONNAME = CardinalBlue;
				TargetAttributes = {
					44BF320A1E961F5C00AA4F2B = {
						CreatedOnToolsVersion = 8.2.1;
						DevelopmentTeam = F6J8B455GU;
						ProvisioningStyle = Automatic;
					};
				};
			};
			buildConfigurationList = 44BF32061E961F5C00AA4F2B /* Build configuration list for PBXProject "DrinkIt" */;
			compatibilityVersion = "Xcode 3.2";
			developmentRegion = English;
			hasScannedForEncodings = 0;
			knownRegions = (
				en,
				Base,
			);
			mainGroup = 44BF32021E961F5C00AA4F2B;
			productRefGroup = 44BF320C1E961F5C00AA4F2B /* Products */;
			projectDirPath = "";
			projectRoot = "";
			targets = (
				44BF320A1E961F5C00AA4F2B /* DrinkIt */,
			);
		};
/* End PBXProject section */

/* Begin PBXResourcesBuildPhase section */
		44BF32091E961F5C00AA4F2B /* Resources */ = {
			isa = PBXResourcesBuildPhase;
			buildActionMask = 2147483647;
			files = (
				44BF32191E961F5C00AA4F2B /* LaunchScreen.storyboard in Resources */,
				44BF32161E961F5C00AA4F2B /* Assets.xcassets in Resources */,
				44BF32141E961F5C00AA4F2B /* Main.storyboard in Resources */,
				44431AD31E97416000CCDD25 /* Action_Man.ttf in Resources */,
			);
			runOnlyForDeploymentPostprocessing = 0;
		};
/* End PBXResourcesBuildPhase section */

/* Begin PBXSourcesBuildPhase section */
		44BF32071E961F5C00AA4F2B /* Sources */ = {
			isa = PBXSourcesBuildPhase;
			buildActionMask = 2147483647;
			files = (
				44BF32361E968B1100AA4F2B /* PlayViewController.swift in Sources */,
				44BF32111E961F5C00AA4F2B /* MainViewController.swift in Sources */,
				44431AD51E9741A300CCDD25 /* Fonts.swift in Sources */,
				44BF32321E96736300AA4F2B /* MatchingClient.swift in Sources */,
				44BF322E1E965F6100AA4F2B /* MatchingHandler.swift in Sources */,
				44BF32341E96736D00AA4F2B /* MatchingServer.swift in Sources */,
				44BF320F1E961F5C00AA4F2B /* AppDelegate.swift in Sources */,
				44BF32381E9691C600AA4F2B /* MatchingMessage.swift in Sources */,
				44BF323A1E96A14000AA4F2B /* Card.swift in Sources */,
				44BF32231E96219D00AA4F2B /* JoinViewController.swift in Sources */,
				44BF323C1E96A15000AA4F2B /* Deck.swift in Sources */,
				44BF323E1E96A74700AA4F2B /* CardImageView.swift in Sources */,
				44BF32211E96219200AA4F2B /* HostViewController.swift in Sources */,
				44431AD71E97453800CCDD25 /* Style.swift in Sources */,
			);
			runOnlyForDeploymentPostprocessing = 0;
		};
/* End PBXSourcesBuildPhase section */

/* Begin PBXVariantGroup section */
		44BF32121E961F5C00AA4F2B /* Main.storyboard */ = {
			isa = PBXVariantGroup;
			children = (
				44BF32131E961F5C00AA4F2B /* Base */,
			);
			name = Main.storyboard;
			sourceTree = "<group>";
		};
		44BF32171E961F5C00AA4F2B /* LaunchScreen.storyboard */ = {
			isa = PBXVariantGroup;
			children = (
				44BF32181E961F5C00AA4F2B /* Base */,
			);
			name = LaunchScreen.storyboard;
			sourceTree = "<group>";
		};
/* End PBXVariantGroup section */

/* Begin XCBuildConfiguration section */
		44BF321B1E961F5C00AA4F2B /* Debug */ = {
			isa = XCBuildConfiguration;
			buildSettings = {
				ALWAYS_SEARCH_USER_PATHS = NO;
				CLANG_ANALYZER_NONNULL = YES;
				CLANG_CXX_LANGUAGE_STANDARD = "gnu++0x";
				CLANG_CXX_LIBRARY = "libc++";
				CLANG_ENABLE_MODULES = YES;
				CLANG_ENABLE_OBJC_ARC = YES;
				CLANG_WARN_BOOL_CONVERSION = YES;
				CLANG_WARN_CONSTANT_CONVERSION = YES;
				CLANG_WARN_DIRECT_OBJC_ISA_USAGE = YES_ERROR;
				CLANG_WARN_DOCUMENTATION_COMMENTS = YES;
				CLANG_WARN_EMPTY_BODY = YES;
				CLANG_WARN_ENUM_CONVERSION = YES;
				CLANG_WARN_INFINITE_RECURSION = YES;
				CLANG_WARN_INT_CONVERSION = YES;
				CLANG_WARN_OBJC_ROOT_CLASS = YES_ERROR;
				CLANG_WARN_SUSPICIOUS_MOVE = YES;
				CLANG_WARN_UNREACHABLE_CODE = YES;
				CLANG_WARN__DUPLICATE_METHOD_MATCH = YES;
				"CODE_SIGN_IDENTITY[sdk=iphoneos*]" = "iPhone Developer";
				COPY_PHASE_STRIP = NO;
				DEBUG_INFORMATION_FORMAT = dwarf;
				ENABLE_STRICT_OBJC_MSGSEND = YES;
				ENABLE_TESTABILITY = YES;
				GCC_C_LANGUAGE_STANDARD = gnu99;
				GCC_DYNAMIC_NO_PIC = NO;
				GCC_NO_COMMON_BLOCKS = YES;
				GCC_OPTIMIZATION_LEVEL = 0;
				GCC_PREPROCESSOR_DEFINITIONS = (
					"DEBUG=1",
					"$(inherited)",
				);
				GCC_WARN_64_TO_32_BIT_CONVERSION = YES;
				GCC_WARN_ABOUT_RETURN_TYPE = YES_ERROR;
				GCC_WARN_UNDECLARED_SELECTOR = YES;
				GCC_WARN_UNINITIALIZED_AUTOS = YES_AGGRESSIVE;
				GCC_WARN_UNUSED_FUNCTION = YES;
				GCC_WARN_UNUSED_VARIABLE = YES;
				IPHONEOS_DEPLOYMENT_TARGET = 10.2;
				MTL_ENABLE_DEBUG_INFO = YES;
				ONLY_ACTIVE_ARCH = YES;
				SDKROOT = iphoneos;
				SWIFT_ACTIVE_COMPILATION_CONDITIONS = DEBUG;
				SWIFT_OPTIMIZATION_LEVEL = "-Onone";
			};
			name = Debug;
		};
		44BF321C1E961F5C00AA4F2B /* Release */ = {
			isa = XCBuildConfiguration;
			buildSettings = {
				ALWAYS_SEARCH_USER_PATHS = NO;
				CLANG_ANALYZER_NONNULL = YES;
				CLANG_CXX_LANGUAGE_STANDARD = "gnu++0x";
				CLANG_CXX_LIBRARY = "libc++";
				CLANG_ENABLE_MODULES = YES;
				CLANG_ENABLE_OBJC_ARC = YES;
				CLANG_WARN_BOOL_CONVERSION = YES;
				CLANG_WARN_CONSTANT_CONVERSION = YES;
				CLANG_WARN_DIRECT_OBJC_ISA_USAGE = YES_ERROR;
				CLANG_WARN_DOCUMENTATION_COMMENTS = YES;
				CLANG_WARN_EMPTY_BODY = YES;
				CLANG_WARN_ENUM_CONVERSION = YES;
				CLANG_WARN_INFINITE_RECURSION = YES;
				CLANG_WARN_INT_CONVERSION = YES;
				CLANG_WARN_OBJC_ROOT_CLASS = YES_ERROR;
				CLANG_WARN_SUSPICIOUS_MOVE = YES;
				CLANG_WARN_UNREACHABLE_CODE = YES;
				CLANG_WARN__DUPLICATE_METHOD_MATCH = YES;
				"CODE_SIGN_IDENTITY[sdk=iphoneos*]" = "iPhone Developer";
				COPY_PHASE_STRIP = NO;
				DEBUG_INFORMATION_FORMAT = "dwarf-with-dsym";
				ENABLE_NS_ASSERTIONS = NO;
				ENABLE_STRICT_OBJC_MSGSEND = YES;
				GCC_C_LANGUAGE_STANDARD = gnu99;
				GCC_NO_COMMON_BLOCKS = YES;
				GCC_WARN_64_TO_32_BIT_CONVERSION = YES;
				GCC_WARN_ABOUT_RETURN_TYPE = YES_ERROR;
				GCC_WARN_UNDECLARED_SELECTOR = YES;
				GCC_WARN_UNINITIALIZED_AUTOS = YES_AGGRESSIVE;
				GCC_WARN_UNUSED_FUNCTION = YES;
				GCC_WARN_UNUSED_VARIABLE = YES;
				IPHONEOS_DEPLOYMENT_TARGET = 10.2;
				MTL_ENABLE_DEBUG_INFO = NO;
				SDKROOT = iphoneos;
				SWIFT_OPTIMIZATION_LEVEL = "-Owholemodule";
				VALIDATE_PRODUCT = YES;
			};
			name = Release;
		};
		44BF321E1E961F5C00AA4F2B /* Debug */ = {
			isa = XCBuildConfiguration;
			buildSettings = {
				ASSETCATALOG_COMPILER_APPICON_NAME = AppIcon;
				DEVELOPMENT_TEAM = F6J8B455GU;
				INFOPLIST_FILE = DrinkIt/Info.plist;
				IPHONEOS_DEPLOYMENT_TARGET = 8.0;
				LD_RUNPATH_SEARCH_PATHS = "$(inherited) @executable_path/Frameworks";
				PRODUCT_BUNDLE_IDENTIFIER = CardinalBlue.DrinkIt;
				PRODUCT_NAME = "$(TARGET_NAME)";
				SWIFT_VERSION = 3.0;
			};
			name = Debug;
		};
		44BF321F1E961F5C00AA4F2B /* Release */ = {
			isa = XCBuildConfiguration;
			buildSettings = {
				ASSETCATALOG_COMPILER_APPICON_NAME = AppIcon;
				DEVELOPMENT_TEAM = F6J8B455GU;
				INFOPLIST_FILE = DrinkIt/Info.plist;
				IPHONEOS_DEPLOYMENT_TARGET = 8.0;
				LD_RUNPATH_SEARCH_PATHS = "$(inherited) @executable_path/Frameworks";
				PRODUCT_BUNDLE_IDENTIFIER = CardinalBlue.DrinkIt;
				PRODUCT_NAME = "$(TARGET_NAME)";
				SWIFT_VERSION = 3.0;
			};
			name = Release;
		};
/* End XCBuildConfiguration section */

/* Begin XCConfigurationList section */
		44BF32061E961F5C00AA4F2B /* Build configuration list for PBXProject "DrinkIt" */ = {
			isa = XCConfigurationList;
			buildConfigurations = (
				44BF321B1E961F5C00AA4F2B /* Debug */,
				44BF321C1E961F5C00AA4F2B /* Release */,
			);
			defaultConfigurationIsVisible = 0;
			defaultConfigurationName = Release;
		};
		44BF321D1E961F5C00AA4F2B /* Build configuration list for PBXNativeTarget "DrinkIt" */ = {
			isa = XCConfigurationList;
			buildConfigurations = (
				44BF321E1E961F5C00AA4F2B /* Debug */,
				44BF321F1E961F5C00AA4F2B /* Release */,
			);
			defaultConfigurationIsVisible = 0;
			defaultConfigurationName = Release;
		};
/* End XCConfigurationList section */
	};
	rootObject = 44BF32031E961F5C00AA4F2B /* Project object */;
}
